<?xml version="1.0" encoding="utf-8"?>
<Project ToolsVersion="4.0" xmlns="http://schemas.microsoft.com/developer/msbuild/2003">
  <ItemGroup>
    <ClCompile Include="Entry.cpp" />
    <ClCompile Include="Main.cpp" />
    <ClCompile Include="Syncer.cpp">
      <Filter>Kernel\Syncer</Filter>
    </ClCompile>
    <ClCompile Include="Kernel.cpp">
      <Filter>Kernel</Filter>
    </ClCompile>
    <ClCompile Include="EntityRenderer.cpp">
      <Filter>Kernel\EntityRenderer</Filter>
    </ClCompile>
  </ItemGroup>
  <ItemGroup>
    <Filter Include="Kernel">
      <UniqueIdentifier>{70a65b34-6c3a-453f-8dd7-aed53fe80e51}</UniqueIdentifier>
    </Filter>
    <Filter Include="Kernel\Syncer">
      <UniqueIdentifier>{88c0ecda-0ed9-417b-83a4-4500818f6a88}</UniqueIdentifier>
    </Filter>
    <Filter Include="Kernel\EntityRenderer">
      <UniqueIdentifier>{58a6934f-e19c-4bcd-9f48-11aa350e27ba}</UniqueIdentifier>
    </Filter>
  </ItemGroup>
  <ItemGroup>
    <ClInclude Include="Syncer.hpp">
      <Filter>Kernel\Syncer</Filter>
    </ClInclude>
    <ClInclude Include="SimTime.hpp" />
    <ClInclude Include="Clock.hpp">
      <Filter>Kernel</Filter>
    </ClInclude>
    <ClInclude Include="Kernel.hpp">
      <Filter>Kernel</Filter>
    </ClInclude>
    <ClInclude Include="Entity.hpp" />
    <ClInclude Include="EntityRenderer.hpp">
      <Filter>Kernel\EntityRenderer</Filter>
    </ClInclude>
    <ClInclude Include="RenderItem.hpp" />
  </ItemGroup>
</Project>